// !$*UTF8*$!
{
	archiveVersion = 1;
	classes = {
	};
	objectVersion = 46;
	objects = {

/* Begin PBXBuildFile section */
		3D762CE1192B6F370007CF16 /* libnativeCSS.a in Frameworks */ = {isa = PBXBuildFile; fileRef = 3D762CDB192B6F370007CF16 /* libnativeCSS.a */; };
		3D762CE3192B70EC0007CF16 /* QuartzCore.framework in Frameworks */ = {isa = PBXBuildFile; fileRef = 3D762CE2192B70EC0007CF16 /* QuartzCore.framework */; };
		3D762CE5192B70FD0007CF16 /* CoreText.framework in Frameworks */ = {isa = PBXBuildFile; fileRef = 3D762CE4192B70FD0007CF16 /* CoreText.framework */; };
		3D762CE7192B71080007CF16 /* CoreImage.framework in Frameworks */ = {isa = PBXBuildFile; fileRef = 3D762CE6192B71080007CF16 /* CoreImage.framework */; };
		3D762CE9192B71170007CF16 /* Accelerate.framework in Frameworks */ = {isa = PBXBuildFile; fileRef = 3D762CE8192B71170007CF16 /* Accelerate.framework */; };
		3D762CEB192B79140007CF16 /* styles.css in Resources */ = {isa = PBXBuildFile; fileRef = 3D762CEA192B79140007CF16 /* styles.css */; };
		3D7FDFD1192A749800B91B35 /* Foundation.framework in Frameworks */ = {isa = PBXBuildFile; fileRef = 3D7FDFD0192A749800B91B35 /* Foundation.framework */; };
		3D7FDFD3192A749800B91B35 /* CoreGraphics.framework in Frameworks */ = {isa = PBXBuildFile; fileRef = 3D7FDFD2192A749800B91B35 /* CoreGraphics.framework */; };
		3D7FDFD5192A749800B91B35 /* UIKit.framework in Frameworks */ = {isa = PBXBuildFile; fileRef = 3D7FDFD4192A749800B91B35 /* UIKit.framework */; };
		3D7FDFDB192A749800B91B35 /* InfoPlist.strings in Resources */ = {isa = PBXBuildFile; fileRef = 3D7FDFD9192A749800B91B35 /* InfoPlist.strings */; };
		3D7FDFDD192A749800B91B35 /* main.m in Sources */ = {isa = PBXBuildFile; fileRef = 3D7FDFDC192A749800B91B35 /* main.m */; };
		3D7FDFE1192A749800B91B35 /* AppDelegate.m in Sources */ = {isa = PBXBuildFile; fileRef = 3D7FDFE0192A749800B91B35 /* AppDelegate.m */; };
		3D7FDFE4192A749800B91B35 /* Main.storyboard in Resources */ = {isa = PBXBuildFile; fileRef = 3D7FDFE2192A749800B91B35 /* Main.storyboard */; };
		3D7FDFE7192A749800B91B35 /* ViewController.m in Sources */ = {isa = PBXBuildFile; fileRef = 3D7FDFE6192A749800B91B35 /* ViewController.m */; };
		3D7FDFE9192A749800B91B35 /* Images.xcassets in Resources */ = {isa = PBXBuildFile; fileRef = 3D7FDFE8192A749800B91B35 /* Images.xcassets */; };
		3D7FDFF0192A749800B91B35 /* XCTest.framework in Frameworks */ = {isa = PBXBuildFile; fileRef = 3D7FDFEF192A749800B91B35 /* XCTest.framework */; };
		3D7FDFF1192A749800B91B35 /* Foundation.framework in Frameworks */ = {isa = PBXBuildFile; fileRef = 3D7FDFD0192A749800B91B35 /* Foundation.framework */; };
		3D7FDFF2192A749800B91B35 /* UIKit.framework in Frameworks */ = {isa = PBXBuildFile; fileRef = 3D7FDFD4192A749800B91B35 /* UIKit.framework */; };
		3D7FDFFA192A749800B91B35 /* InfoPlist.strings in Resources */ = {isa = PBXBuildFile; fileRef = 3D7FDFF8192A749800B91B35 /* InfoPlist.strings */; };
		3D7FDFFC192A749800B91B35 /* FuelCalcTests.m in Sources */ = {isa = PBXBuildFile; fileRef = 3D7FDFFB192A749800B91B35 /* FuelCalcTests.m */; };
/* End PBXBuildFile section */

/* Begin PBXContainerItemProxy section */
		3D7FDFF3192A749800B91B35 /* PBXContainerItemProxy */ = {
			isa = PBXContainerItemProxy;
			containerPortal = 3D7FDFC5192A749800B91B35 /* Project object */;
			proxyType = 1;
			remoteGlobalIDString = 3D7FDFCC192A749800B91B35;
			remoteInfo = FuelCalc;
		};
/* End PBXContainerItemProxy section */

/* Begin PBXFileReference section */
		3D762CDB192B6F370007CF16 /* libnativeCSS.a */ = {isa = PBXFileReference; lastKnownFileType = archive.ar; path = libnativeCSS.a; sourceTree = "<group>"; };
		3D762CDC192B6F370007CF16 /* UIApplication+NativeCSS.h */ = {isa = PBXFileReference; fileEncoding = 4; lastKnownFileType = sourcecode.c.h; path = "UIApplication+NativeCSS.h"; sourceTree = "<group>"; };
		3D762CDD192B6F370007CF16 /* UIBarButtonItem+NativeCSS.h */ = {isa = PBXFileReference; fileEncoding = 4; lastKnownFileType = sourcecode.c.h; path = "UIBarButtonItem+NativeCSS.h"; sourceTree = "<group>"; };
		3D762CDE192B6F370007CF16 /* UICollectionViewCell+NativeCSS.h */ = {isa = PBXFileReference; fileEncoding = 4; lastKnownFileType = sourcecode.c.h; path = "UICollectionViewCell+NativeCSS.h"; sourceTree = "<group>"; };
		3D762CDF192B6F370007CF16 /* UITableViewCell+NativeCSS.h */ = {isa = PBXFileReference; fileEncoding = 4; lastKnownFileType = sourcecode.c.h; path = "UITableViewCell+NativeCSS.h"; sourceTree = "<group>"; };
		3D762CE0192B6F370007CF16 /* UIView+NativeCSS.h */ = {isa = PBXFileReference; fileEncoding = 4; lastKnownFileType = sourcecode.c.h; path = "UIView+NativeCSS.h"; sourceTree = "<group>"; };
		3D762CE2192B70EC0007CF16 /* QuartzCore.framework */ = {isa = PBXFileReference; lastKnownFileType = wrapper.framework; name = QuartzCore.framework; path = System/Library/Frameworks/QuartzCore.framework; sourceTree = SDKROOT; };
		3D762CE4192B70FD0007CF16 /* CoreText.framework */ = {isa = PBXFileReference; lastKnownFileType = wrapper.framework; name = CoreText.framework; path = System/Library/Frameworks/CoreText.framework; sourceTree = SDKROOT; };
		3D762CE6192B71080007CF16 /* CoreImage.framework */ = {isa = PBXFileReference; lastKnownFileType = wrapper.framework; name = CoreImage.framework; path = System/Library/Frameworks/CoreImage.framework; sourceTree = SDKROOT; };
		3D762CE8192B71170007CF16 /* Accelerate.framework */ = {isa = PBXFileReference; lastKnownFileType = wrapper.framework; name = Accelerate.framework; path = System/Library/Frameworks/Accelerate.framework; sourceTree = SDKROOT; };
		3D762CEA192B79140007CF16 /* styles.css */ = {isa = PBXFileReference; fileEncoding = 4; lastKnownFileType = text.css; name = styles.css; path = ../styles.css; sourceTree = "<group>"; };
		3D7FDFCD192A749800B91B35 /* FuelCalc.app */ = {isa = PBXFileReference; explicitFileType = wrapper.application; includeInIndex = 0; path = FuelCalc.app; sourceTree = BUILT_PRODUCTS_DIR; };
		3D7FDFD0192A749800B91B35 /* Foundation.framework */ = {isa = PBXFileReference; lastKnownFileType = wrapper.framework; name = Foundation.framework; path = System/Library/Frameworks/Foundation.framework; sourceTree = SDKROOT; };
		3D7FDFD2192A749800B91B35 /* CoreGraphics.framework */ = {isa = PBXFileReference; lastKnownFileType = wrapper.framework; name = CoreGraphics.framework; path = System/Library/Frameworks/CoreGraphics.framework; sourceTree = SDKROOT; };
		3D7FDFD4192A749800B91B35 /* UIKit.framework */ = {isa = PBXFileReference; lastKnownFileType = wrapper.framework; name = UIKit.framework; path = System/Library/Frameworks/UIKit.framework; sourceTree = SDKROOT; };
		3D7FDFD8192A749800B91B35 /* FuelCalc-Info.plist */ = {isa = PBXFileReference; lastKnownFileType = text.plist.xml; path = "FuelCalc-Info.plist"; sourceTree = "<group>"; };
		3D7FDFDA192A749800B91B35 /* en */ = {isa = PBXFileReference; lastKnownFileType = text.plist.strings; name = en; path = en.lproj/InfoPlist.strings; sourceTree = "<group>"; };
		3D7FDFDC192A749800B91B35 /* main.m */ = {isa = PBXFileReference; lastKnownFileType = sourcecode.c.objc; path = main.m; sourceTree = "<group>"; };
		3D7FDFDE192A749800B91B35 /* FuelCalc-Prefix.pch */ = {isa = PBXFileReference; lastKnownFileType = sourcecode.c.h; path = "FuelCalc-Prefix.pch"; sourceTree = "<group>"; };
		3D7FDFDF192A749800B91B35 /* AppDelegate.h */ = {isa = PBXFileReference; lastKnownFileType = sourcecode.c.h; path = AppDelegate.h; sourceTree = "<group>"; };
		3D7FDFE0192A749800B91B35 /* AppDelegate.m */ = {isa = PBXFileReference; lastKnownFileType = sourcecode.c.objc; path = AppDelegate.m; sourceTree = "<group>"; };
		3D7FDFE3192A749800B91B35 /* Base */ = {isa = PBXFileReference; lastKnownFileType = file.storyboard; name = Base; path = Base.lproj/Main.storyboard; sourceTree = "<group>"; };
		3D7FDFE5192A749800B91B35 /* ViewController.h */ = {isa = PBXFileReference; lastKnownFileType = sourcecode.c.h; path = ViewController.h; sourceTree = "<group>"; };
		3D7FDFE6192A749800B91B35 /* ViewController.m */ = {isa = PBXFileReference; lastKnownFileType = sourcecode.c.objc; path = ViewController.m; sourceTree = "<group>"; };
		3D7FDFE8192A749800B91B35 /* Images.xcassets */ = {isa = PBXFileReference; lastKnownFileType = folder.assetcatalog; path = Images.xcassets; sourceTree = "<group>"; };
		3D7FDFEE192A749800B91B35 /* FuelCalcTests.xctest */ = {isa = PBXFileReference; explicitFileType = wrapper.cfbundle; includeInIndex = 0; path = FuelCalcTests.xctest; sourceTree = BUILT_PRODUCTS_DIR; };
		3D7FDFEF192A749800B91B35 /* XCTest.framework */ = {isa = PBXFileReference; lastKnownFileType = wrapper.framework; name = XCTest.framework; path = Library/Frameworks/XCTest.framework; sourceTree = DEVELOPER_DIR; };
		3D7FDFF7192A749800B91B35 /* FuelCalcTests-Info.plist */ = {isa = PBXFileReference; lastKnownFileType = text.plist.xml; path = "FuelCalcTests-Info.plist"; sourceTree = "<group>"; };
		3D7FDFF9192A749800B91B35 /* en */ = {isa = PBXFileReference; lastKnownFileType = text.plist.strings; name = en; path = en.lproj/InfoPlist.strings; sourceTree = "<group>"; };
		3D7FDFFB192A749800B91B35 /* FuelCalcTests.m */ = {isa = PBXFileReference; lastKnownFileType = sourcecode.c.objc; path = FuelCalcTests.m; sourceTree = "<group>"; };
/* End PBXFileReference section */

/* Begin PBXFrameworksBuildPhase section */
		3D7FDFCA192A749800B91B35 /* Frameworks */ = {
			isa = PBXFrameworksBuildPhase;
			buildActionMask = 2147483647;
			files = (
				3D762CE9192B71170007CF16 /* Accelerate.framework in Frameworks */,
				3D762CE7192B71080007CF16 /* CoreImage.framework in Frameworks */,
				3D762CE5192B70FD0007CF16 /* CoreText.framework in Frameworks */,
				3D762CE3192B70EC0007CF16 /* QuartzCore.framework in Frameworks */,
				3D762CE1192B6F370007CF16 /* libnativeCSS.a in Frameworks */,
				3D7FDFD3192A749800B91B35 /* CoreGraphics.framework in Frameworks */,
				3D7FDFD5192A749800B91B35 /* UIKit.framework in Frameworks */,
				3D7FDFD1192A749800B91B35 /* Foundation.framework in Frameworks */,
			);
			runOnlyForDeploymentPostprocessing = 0;
		};
		3D7FDFEB192A749800B91B35 /* Frameworks */ = {
			isa = PBXFrameworksBuildPhase;
			buildActionMask = 2147483647;
			files = (
				3D7FDFF0192A749800B91B35 /* XCTest.framework in Frameworks */,
				3D7FDFF2192A749800B91B35 /* UIKit.framework in Frameworks */,
				3D7FDFF1192A749800B91B35 /* Foundation.framework in Frameworks */,
			);
			runOnlyForDeploymentPostprocessing = 0;
		};
/* End PBXFrameworksBuildPhase section */

/* Begin PBXGroup section */
		3D762CDA192B6F370007CF16 /* nativecss */ = {
			isa = PBXGroup;
			children = (
				3D762CDB192B6F370007CF16 /* libnativeCSS.a */,
				3D762CDC192B6F370007CF16 /* UIApplication+NativeCSS.h */,
				3D762CDD192B6F370007CF16 /* UIBarButtonItem+NativeCSS.h */,
				3D762CDE192B6F370007CF16 /* UICollectionViewCell+NativeCSS.h */,
				3D762CDF192B6F370007CF16 /* UITableViewCell+NativeCSS.h */,
				3D762CE0192B6F370007CF16 /* UIView+NativeCSS.h */,
			);
			path = nativecss;
			sourceTree = "<group>";
		};
		3D7FDFC4192A749800B91B35 = {
			isa = PBXGroup;
			children = (
				3D762CDA192B6F370007CF16 /* nativecss */,
				3D7FDFD6192A749800B91B35 /* FuelCalc */,
				3D7FDFF5192A749800B91B35 /* FuelCalcTests */,
				3D7FDFCF192A749800B91B35 /* Frameworks */,
				3D7FDFCE192A749800B91B35 /* Products */,
			);
			sourceTree = "<group>";
		};
		3D7FDFCE192A749800B91B35 /* Products */ = {
			isa = PBXGroup;
			children = (
				3D7FDFCD192A749800B91B35 /* FuelCalc.app */,
				3D7FDFEE192A749800B91B35 /* FuelCalcTests.xctest */,
			);
			name = Products;
			sourceTree = "<group>";
		};
		3D7FDFCF192A749800B91B35 /* Frameworks */ = {
			isa = PBXGroup;
			children = (
				3D762CE8192B71170007CF16 /* Accelerate.framework */,
				3D762CE6192B71080007CF16 /* CoreImage.framework */,
				3D762CE4192B70FD0007CF16 /* CoreText.framework */,
				3D762CE2192B70EC0007CF16 /* QuartzCore.framework */,
				3D7FDFD0192A749800B91B35 /* Foundation.framework */,
				3D7FDFD2192A749800B91B35 /* CoreGraphics.framework */,
				3D7FDFD4192A749800B91B35 /* UIKit.framework */,
				3D7FDFEF192A749800B91B35 /* XCTest.framework */,
			);
			name = Frameworks;
			sourceTree = "<group>";
		};
		3D7FDFD6192A749800B91B35 /* FuelCalc */ = {
			isa = PBXGroup;
			children = (
				3D762CEA192B79140007CF16 /* styles.css */,
				3D7FDFDF192A749800B91B35 /* AppDelegate.h */,
				3D7FDFE0192A749800B91B35 /* AppDelegate.m */,
				3D7FDFE2192A749800B91B35 /* Main.storyboard */,
				3D7FDFE5192A749800B91B35 /* ViewController.h */,
				3D7FDFE6192A749800B91B35 /* ViewController.m */,
				3D7FDFE8192A749800B91B35 /* Images.xcassets */,
				3D7FDFD7192A749800B91B35 /* Supporting Files */,
			);
			path = FuelCalc;
			sourceTree = "<group>";
		};
		3D7FDFD7192A749800B91B35 /* Supporting Files */ = {
			isa = PBXGroup;
			children = (
				3D7FDFD8192A749800B91B35 /* FuelCalc-Info.plist */,
				3D7FDFD9192A749800B91B35 /* InfoPlist.strings */,
				3D7FDFDC192A749800B91B35 /* main.m */,
				3D7FDFDE192A749800B91B35 /* FuelCalc-Prefix.pch */,
			);
			name = "Supporting Files";
			sourceTree = "<group>";
		};
		3D7FDFF5192A749800B91B35 /* FuelCalcTests */ = {
			isa = PBXGroup;
			children = (
				3D7FDFFB192A749800B91B35 /* FuelCalcTests.m */,
				3D7FDFF6192A749800B91B35 /* Supporting Files */,
			);
			path = FuelCalcTests;
			sourceTree = "<group>";
		};
		3D7FDFF6192A749800B91B35 /* Supporting Files */ = {
			isa = PBXGroup;
			children = (
				3D7FDFF7192A749800B91B35 /* FuelCalcTests-Info.plist */,
				3D7FDFF8192A749800B91B35 /* InfoPlist.strings */,
			);
			name = "Supporting Files";
			sourceTree = "<group>";
		};
/* End PBXGroup section */

/* Begin PBXNativeTarget section */
		3D7FDFCC192A749800B91B35 /* FuelCalc */ = {
			isa = PBXNativeTarget;
			buildConfigurationList = 3D7FDFFF192A749800B91B35 /* Build configuration list for PBXNativeTarget "FuelCalc" */;
			buildPhases = (
				3D7FDFC9192A749800B91B35 /* Sources */,
				3D7FDFCA192A749800B91B35 /* Frameworks */,
				3D7FDFCB192A749800B91B35 /* Resources */,
			);
			buildRules = (
			);
			dependencies = (
			);
			name = FuelCalc;
			productName = FuelCalc;
			productReference = 3D7FDFCD192A749800B91B35 /* FuelCalc.app */;
			productType = "com.apple.product-type.application";
		};
		3D7FDFED192A749800B91B35 /* FuelCalcTests */ = {
			isa = PBXNativeTarget;
			buildConfigurationList = 3D7FE002192A749800B91B35 /* Build configuration list for PBXNativeTarget "FuelCalcTests" */;
			buildPhases = (
				3D7FDFEA192A749800B91B35 /* Sources */,
				3D7FDFEB192A749800B91B35 /* Frameworks */,
				3D7FDFEC192A749800B91B35 /* Resources */,
			);
			buildRules = (
			);
			dependencies = (
				3D7FDFF4192A749800B91B35 /* PBXTargetDependency */,
			);
			name = FuelCalcTests;
			productName = FuelCalcTests;
			productReference = 3D7FDFEE192A749800B91B35 /* FuelCalcTests.xctest */;
			productType = "com.apple.product-type.bundle.unit-test";
		};
/* End PBXNativeTarget section */

/* Begin PBXProject section */
		3D7FDFC5192A749800B91B35 /* Project object */ = {
			isa = PBXProject;
			attributes = {
				LastUpgradeCheck = 0510;
				ORGANIZATIONNAME = red_panda;
				TargetAttributes = {
					3D7FDFED192A749800B91B35 = {
						TestTargetID = 3D7FDFCC192A749800B91B35;
					};
				};
			};
			buildConfigurationList = 3D7FDFC8192A749800B91B35 /* Build configuration list for PBXProject "FuelCalc" */;
			compatibilityVersion = "Xcode 3.2";
			developmentRegion = English;
			hasScannedForEncodings = 0;
			knownRegions = (
				en,
				Base,
			);
			mainGroup = 3D7FDFC4192A749800B91B35;
			productRefGroup = 3D7FDFCE192A749800B91B35 /* Products */;
			projectDirPath = "";
			projectRoot = "";
			targets = (
				3D7FDFCC192A749800B91B35 /* FuelCalc */,
				3D7FDFED192A749800B91B35 /* FuelCalcTests */,
			);
		};
/* End PBXProject section */

/* Begin PBXResourcesBuildPhase section */
		3D7FDFCB192A749800B91B35 /* Resources */ = {
			isa = PBXResourcesBuildPhase;
			buildActionMask = 2147483647;
			files = (
				3D7FDFE9192A749800B91B35 /* Images.xcassets in Resources */,
				3D762CEB192B79140007CF16 /* styles.css in Resources */,
				3D7FDFDB192A749800B91B35 /* InfoPlist.strings in Resources */,
				3D7FDFE4192A749800B91B35 /* Main.storyboard in Resources */,
			);
			runOnlyForDeploymentPostprocessing = 0;
		};
		3D7FDFEC192A749800B91B35 /* Resources */ = {
			isa = PBXResourcesBuildPhase;
			buildActionMask = 2147483647;
			files = (
				3D7FDFFA192A749800B91B35 /* InfoPlist.strings in Resources */,
			);
			runOnlyForDeploymentPostprocessing = 0;
		};
/* End PBXResourcesBuildPhase section */

/* Begin PBXSourcesBuildPhase section */
		3D7FDFC9192A749800B91B35 /* Sources */ = {
			isa = PBXSourcesBuildPhase;
			buildActionMask = 2147483647;
			files = (
				3D7FDFE7192A749800B91B35 /* ViewController.m in Sources */,
				3D7FDFE1192A749800B91B35 /* AppDelegate.m in Sources */,
				3D7FDFDD192A749800B91B35 /* main.m in Sources */,
			);
			runOnlyForDeploymentPostprocessing = 0;
		};
		3D7FDFEA192A749800B91B35 /* Sources */ = {
			isa = PBXSourcesBuildPhase;
			buildActionMask = 2147483647;
			files = (
				3D7FDFFC192A749800B91B35 /* FuelCalcTests.m in Sources */,
			);
			runOnlyForDeploymentPostprocessing = 0;
		};
/* End PBXSourcesBuildPhase section */

/* Begin PBXTargetDependency section */
		3D7FDFF4192A749800B91B35 /* PBXTargetDependency */ = {
			isa = PBXTargetDependency;
			target = 3D7FDFCC192A749800B91B35 /* FuelCalc */;
			targetProxy = 3D7FDFF3192A749800B91B35 /* PBXContainerItemProxy */;
		};
/* End PBXTargetDependency section */

/* Begin PBXVariantGroup section */
		3D7FDFD9192A749800B91B35 /* InfoPlist.strings */ = {
			isa = PBXVariantGroup;
			children = (
				3D7FDFDA192A749800B91B35 /* en */,
			);
			name = InfoPlist.strings;
			sourceTree = "<group>";
		};
		3D7FDFE2192A749800B91B35 /* Main.storyboard */ = {
			isa = PBXVariantGroup;
			children = (
				3D7FDFE3192A749800B91B35 /* Base */,
			);
			name = Main.storyboard;
			sourceTree = "<group>";
		};
		3D7FDFF8192A749800B91B35 /* InfoPlist.strings */ = {
			isa = PBXVariantGroup;
			children = (
				3D7FDFF9192A749800B91B35 /* en */,
			);
			name = InfoPlist.strings;
			sourceTree = "<group>";
		};
/* End PBXVariantGroup section */

/* Begin XCBuildConfiguration section */
		3D7FDFFD192A749800B91B35 /* Debug */ = {
			isa = XCBuildConfiguration;
			buildSettings = {
				ALWAYS_SEARCH_USER_PATHS = NO;
				CLANG_CXX_LANGUAGE_STANDARD = "gnu++0x";
				CLANG_CXX_LIBRARY = "libc++";
				CLANG_ENABLE_MODULES = YES;
				CLANG_ENABLE_OBJC_ARC = YES;
				CLANG_WARN_BOOL_CONVERSION = YES;
				CLANG_WARN_CONSTANT_CONVERSION = YES;
				CLANG_WARN_DIRECT_OBJC_ISA_USAGE = YES_ERROR;
				CLANG_WARN_EMPTY_BODY = YES;
				CLANG_WARN_ENUM_CONVERSION = YES;
				CLANG_WARN_INT_CONVERSION = YES;
				CLANG_WARN_OBJC_ROOT_CLASS = YES_ERROR;
				CLANG_WARN__DUPLICATE_METHOD_MATCH = YES;
				"CODE_SIGN_IDENTITY[sdk=iphoneos*]" = "iPhone Developer";
				COPY_PHASE_STRIP = NO;
				GCC_C_LANGUAGE_STANDARD = gnu99;
				GCC_DYNAMIC_NO_PIC = NO;
				GCC_OPTIMIZATION_LEVEL = 0;
				GCC_PREPROCESSOR_DEFINITIONS = (
					"DEBUG=1",
					"$(inherited)",
				);
				GCC_SYMBOLS_PRIVATE_EXTERN = NO;
				GCC_WARN_64_TO_32_BIT_CONVERSION = YES;
				GCC_WARN_ABOUT_RETURN_TYPE = YES_ERROR;
				GCC_WARN_UNDECLARED_SELECTOR = YES;
				GCC_WARN_UNINITIALIZED_AUTOS = YES_AGGRESSIVE;
				GCC_WARN_UNUSED_FUNCTION = YES;
				GCC_WARN_UNUSED_VARIABLE = YES;
				IPHONEOS_DEPLOYMENT_TARGET = 7.1;
				ONLY_ACTIVE_ARCH = YES;
				SDKROOT = iphoneos;
			};
			name = Debug;
		};
		3D7FDFFE192A749800B91B35 /* Release */ = {
			isa = XCBuildConfiguration;
			buildSettings = {
				ALWAYS_SEARCH_USER_PATHS = NO;
				CLANG_CXX_LANGUAGE_STANDARD = "gnu++0x";
				CLANG_CXX_LIBRARY = "libc++";
				CLANG_ENABLE_MODULES = YES;
				CLANG_ENABLE_OBJC_ARC = YES;
				CLANG_WARN_BOOL_CONVERSION = YES;
				CLANG_WARN_CONSTANT_CONVERSION = YES;
				CLANG_WARN_DIRECT_OBJC_ISA_USAGE = YES_ERROR;
				CLANG_WARN_EMPTY_BODY = YES;
				CLANG_WARN_ENUM_CONVERSION = YES;
				CLANG_WARN_INT_CONVERSION = YES;
				CLANG_WARN_OBJC_ROOT_CLASS = YES_ERROR;
				CLANG_WARN__DUPLICATE_METHOD_MATCH = YES;
				"CODE_SIGN_IDENTITY[sdk=iphoneos*]" = "iPhone Developer";
				COPY_PHASE_STRIP = YES;
				ENABLE_NS_ASSERTIONS = NO;
				GCC_C_LANGUAGE_STANDARD = gnu99;
				GCC_WARN_64_TO_32_BIT_CONVERSION = YES;
				GCC_WARN_ABOUT_RETURN_TYPE = YES_ERROR;
				GCC_WARN_UNDECLARED_SELECTOR = YES;
				GCC_WARN_UNINITIALIZED_AUTOS = YES_AGGRESSIVE;
				GCC_WARN_UNUSED_FUNCTION = YES;
				GCC_WARN_UNUSED_VARIABLE = YES;
				IPHONEOS_DEPLOYMENT_TARGET = 7.1;
				SDKROOT = iphoneos;
				VALIDATE_PRODUCT = YES;
			};
			name = Release;
		};
		3D7FE000192A749800B91B35 /* Debug */ = {
			isa = XCBuildConfiguration;
			buildSettings = {
				ASSETCATALOG_COMPILER_APPICON_NAME = AppIcon;
				ASSETCATALOG_COMPILER_LAUNCHIMAGE_NAME = LaunchImage;
				GCC_PRECOMPILE_PREFIX_HEADER = YES;
				GCC_PREFIX_HEADER = "FuelCalc/FuelCalc-Prefix.pch";
				INFOPLIST_FILE = "FuelCalc/FuelCalc-Info.plist";
				IPHONEOS_DEPLOYMENT_TARGET = 7.1;
				LIBRARY_SEARCH_PATHS = (
					"$(inherited)",
					"$(PROJECT_DIR)/nativecss",
				);
				OTHER_LDFLAGS = (
					"-all_load",
					"-Objc",
				);
				PRODUCT_NAME = "$(TARGET_NAME)";
				TARGETED_DEVICE_FAMILY = 1;
				WRAPPER_EXTENSION = app;
			};
			name = Debug;
		};
		3D7FE001192A749800B91B35 /* Release */ = {
			isa = XCBuildConfiguration;
			buildSettings = {
				ASSETCATALOG_COMPILER_APPICON_NAME = AppIcon;
				ASSETCATALOG_COMPILER_LAUNCHIMAGE_NAME = LaunchImage;
				GCC_PRECOMPILE_PREFIX_HEADER = YES;
				GCC_PREFIX_HEADER = "FuelCalc/FuelCalc-Prefix.pch";
				INFOPLIST_FILE = "FuelCalc/FuelCalc-Info.plist";
				IPHONEOS_DEPLOYMENT_TARGET = 7.1;
				LIBRARY_SEARCH_PATHS = (
					"$(inherited)",
					"$(PROJECT_DIR)/nativecss",
				);
				OTHER_LDFLAGS = (
					"-all_load",
					"-Objc",
				);
				PRODUCT_NAME = "$(TARGET_NAME)";
				TARGETED_DEVICE_FAMILY = 1;
				WRAPPER_EXTENSION = app;
			};
			name = Release;
		};
		3D7FE003192A749800B91B35 /* Debug */ = {
			isa = XCBuildConfiguration;
			buildSettings = {
				BUNDLE_LOADER = "$(BUILT_PRODUCTS_DIR)/FuelCalc.app/FuelCalc";
				FRAMEWORK_SEARCH_PATHS = (
					"$(SDKROOT)/Developer/Library/Frameworks",
					"$(inherited)",
					"$(DEVELOPER_FRAMEWORKS_DIR)",
				);
				GCC_PRECOMPILE_PREFIX_HEADER = YES;
				GCC_PREFIX_HEADER = "FuelCalc/FuelCalc-Prefix.pch";
				GCC_PREPROCESSOR_DEFINITIONS = (
					"DEBUG=1",
					"$(inherited)",
				);
				INFOPLIST_FILE = "FuelCalcTests/FuelCalcTests-Info.plist";
				PRODUCT_NAME = "$(TARGET_NAME)";
				TEST_HOST = "$(BUNDLE_LOADER)";
				WRAPPER_EXTENSION = xctest;
			};
			name = Debug;
		};
		3D7FE004192A749800B91B35 /* Release */ = {
			isa = XCBuildConfiguration;
			buildSettings = {
				BUNDLE_LOADER = "$(BUILT_PRODUCTS_DIR)/FuelCalc.app/FuelCalc";
				FRAMEWORK_SEARCH_PATHS = (
					"$(SDKROOT)/Developer/Library/Frameworks",
					"$(inherited)",
					"$(DEVELOPER_FRAMEWORKS_DIR)",
				);
				GCC_PRECOMPILE_PREFIX_HEADER = YES;
				GCC_PREFIX_HEADER = "FuelCalc/FuelCalc-Prefix.pch";
				INFOPLIST_FILE = "FuelCalcTests/FuelCalcTests-Info.plist";
				PRODUCT_NAME = "$(TARGET_NAME)";
				TEST_HOST = "$(BUNDLE_LOADER)";
				WRAPPER_EXTENSION = xctest;
			};
			name = Release;
		};
/* End XCBuildConfiguration section */

/* Begin XCConfigurationList section */
		3D7FDFC8192A749800B91B35 /* Build configuration list for PBXProject "FuelCalc" */ = {
			isa = XCConfigurationList;
			buildConfigurations = (
				3D7FDFFD192A749800B91B35 /* Debug */,
				3D7FDFFE192A749800B91B35 /* Release */,
			);
			defaultConfigurationIsVisible = 0;
			defaultConfigurationName = Release;
		};
		3D7FDFFF192A749800B91B35 /* Build configuration list for PBXNativeTarget "FuelCalc" */ = {
			isa = XCConfigurationList;
			buildConfigurations = (
				3D7FE000192A749800B91B35 /* Debug */,
				3D7FE001192A749800B91B35 /* Release */,
			);
			defaultConfigurationIsVisible = 0;
			defaultConfigurationName = Release;
		};
		3D7FE002192A749800B91B35 /* Build configuration list for PBXNativeTarget "FuelCalcTests" */ = {
			isa = XCConfigurationList;
			buildConfigurations = (
				3D7FE003192A749800B91B35 /* Debug */,
				3D7FE004192A749800B91B35 /* Release */,
			);
			defaultConfigurationIsVisible = 0;
			defaultConfigurationName = Release;
		};
/* End XCConfigurationList section */
	};
	rootObject = 3D7FDFC5192A749800B91B35 /* Project object */;
}
